# 覆写配置
# 作者：https://github.com/lamchey
# 项目地址：https://github.com/lamchey/HelloWorld
# 时间：2024-11-26-10-09

rule-providers:
  AWAvenueAds:
    url:  https://ghp.ci/https://raw.githubusercontent.com/TG-Twilight/AWAvenue-Ads-Rule/main//Filters/AWAvenue-Ads-Rule-Clash.yaml
    path: ./ruleset/AWAvenueAds.yaml
    behavior: domain
    interval: 86400
    format: yaml
    type: http
  antiAD:
    url: https://ghp.ci/https://raw.githubusercontent.com/privacy-protection-tools/anti-ad.github.io/master/docs/mihomo.mrs
    path: ./ruleset/anti-AD.mrs
    behavior: domain
    interval: 86400
    format: mrs
    type: http
  antiADwhite:
    url: https://ghp.ci/https://raw.githubusercontent.com/privacy-protection-tools/dead-horse/master/anti-ad-white-for-clash.yaml
    path: ./ruleset/anti-AD-white.yaml
    behavior: domain
    interval: 86400
    format: yaml
    type: http

+rules:
  - "RULE-SET,antiADwhite,DIRECT"
  - "RULE-SET,AWAvenueAds,REJECT-DROP"
  - "RULE-SET,antiAD,REJECT-DROP"
