# 覆写配置
# 作者：https://github.com/lamchey
# 项目地址：https://github.com/lamchey/HelloWorld
# 时间：2024-12-26-16-14

rule-providers:
  AdGuardDirect:
    url: https://ghp.lamchey.xyz/https://raw.githubusercontent.com/peiyingyao/Rule-for-OCD/refs/heads/master/rule/Clash/AdGuardSDNSFilter/Direct/Direct_OCD_Domain.mrs
    path: ./ruleset/AdGuardDirect.mrs
    behavior: domain
    interval: 86400
    format: mrs
    type: http
  AdGuardReject:
    url: https://ghp.lamchey.xyz/https://raw.githubusercontent.com/peiyingyao/Rule-for-OCD/refs/heads/master/rule/Clash/AdGuardSDNSFilter/AdGuardSDNSFilter_OCD_Domain.mrs
    path: ./ruleset/AdGuardReject.mrs
    behavior: domain
    interval: 86400
    format: mrs
    type: http
  #AWAvenueAds:
    #url: https://raw.githubusercontent.com/TG-Twilight/AWAvenue-Ads-Rule/main//Filters/AWAvenue-Ads-Rule-Clash.yaml
    #path: ./ruleset/AWAvenueAds.yaml
    #behavior: domain
    #interval: 86400
    #format: yaml
    #type: http
  #antiAD:
    #url: https://raw.githubusercontent.com/privacy-protection-tools/anti-ad.github.io/master/docs/mihomo.mrs
    #path: ./ruleset/anti-AD.mrs
    #behavior: domain
    #interval: 86400
    #format: mrs
    #type: http
  #antiADwhite:
    #url: https://raw.githubusercontent.com/privacy-protection-tools/dead-horse/master/anti-ad-white-for-clash.yaml
    #path: ./ruleset/anti-AD-white.yaml
    #behavior: domain
    #interval: 86400
    #format: yaml
    #type: http

+rules:
  - "RULE-SET,AdGuardDirect,DIRECT"
  - "RULE-SET,AdGuardReject,REJECT-DROP"
  #- "RULE-SET,antiADwhite,DIRECT"
  #- "RULE-SET,AWAvenueAds,REJECT-DROP"
  #- "RULE-SET,antiAD,REJECT-DROP"
